
Microsoft Visual Studio Solution File, Format Version 12.00
# Visual Studio Version 17
VisualStudioVersion = 17.1.32407.343
MinimumVisualStudioVersion = 10.0.40219.1
Project("{FAE04EC0-301F-11D3-BF4B-00C04F79EFBC}") = "Missionaries and Cannibals", "Missionaries and Cannibals\Missionaries and Cannibals.csproj", "{D595580D-60CB-48DC-A94D-4F0F9EA66E8F}"
EndProject
Global
	GlobalSection(SolutionConfigurationPlatforms) = preSolution
		Debug|Any CPU = Debug|Any CPU
		Release|Any CPU = Release|Any CPU
	EndGlobalSection
	GlobalSection(ProjectConfigurationPlatforms) = postSolution
		{D595580D-60CB-48DC-A94D-4F0F9EA66E8F}.Debug|Any CPU.ActiveCfg = Debug|Any CPU
		{D595580D-60CB-48DC-A94D-4F0F9EA66E8F}.Debug|Any CPU.Build.0 = Debug|Any CPU
		{D595580D-60CB-48DC-A94D-4F0F9EA66E8F}.Release|Any CPU.ActiveCfg = Release|Any CPU
		{D595580D-60CB-48DC-A94D-4F0F9EA66E8F}.Release|Any CPU.Build.0 = Release|Any CPU
	EndGlobalSection
	GlobalSection(SolutionProperties) = preSolution
		HideSolutionNode = FALSE
	EndGlobalSection
	GlobalSection(ExtensibilityGlobals) = postSolution
		SolutionGuid = {4435A92D-6F2B-43D7-94BB-63934B0905DA}
	EndGlobalSection
EndGlobal
